# @generated by Move, please check-in and do not edit manually.

[move]
version = 3
manifest_digest = "E1C3BE9EE1F93305C6E13044126E85C0853D20BB03671E427002AA30D2831B03"
deps_digest = "060AD7E57DFB13104F21BE5F5C3759D03F0553FC3229247D9A7A6B45F50D03A3"
dependencies = [
  { id = "Sui", name = "Sui" },
  { id = "confio", name = "confio" },
  { id = "cusd", name = "cusd" },
]

[[move.package]]
id = "MoveStdlib"
source = { git = "https://github.com/MystenLabs/sui.git", rev = "framework/mainnet", subdir = "crates/sui-framework/packages/move-stdlib" }

[[move.package]]
id = "Sui"
source = { git = "https://github.com/MystenLabs/sui.git", rev = "framework/mainnet", subdir = "crates/sui-framework/packages/sui-framework" }

dependencies = [
  { id = "MoveStdlib", name = "MoveStdlib" },
]

[[move.package]]
id = "confio"
source = { local = "../confio" }

dependencies = [
  { id = "MoveStdlib", name = "MoveStdlib" },
  { id = "Sui", name = "Sui" },
]

[[move.package]]
id = "cusd"
source = { local = "../cusd" }

dependencies = [
  { id = "MoveStdlib", name = "MoveStdlib" },
  { id = "Sui", name = "Sui" },
]

[move.toolchain-version]
compiler-version = "1.48.0"
edition = "2024"
flavor = "sui"

[env]

[env.testnet]
chain-id = "4c78adac"
original-published-id = "0xc360865f7f30324ade1d283ebfd5bfc385062588af3f389a755887fc5f99e45e"
latest-published-id = "0xc360865f7f30324ade1d283ebfd5bfc385062588af3f389a755887fc5f99e45e"
published-version = "1"
