# @generated by Move, please check-in and do not edit manually.

[move]
version = 3
manifest_digest = "74E400293E8AE076732119A759CA8A6555A252699B38DDFA1AF7698A8F09005B"
deps_digest = "3C4103934B1E040BB6B23F1D610B4EF9F2F1166A50A104EADCF77467C004C600"
dependencies = [
  { id = "MoveStdlib", name = "MoveStdlib" },
  { id = "Sui", name = "Sui" },
]

[[move.package]]
id = "MoveStdlib"
source = { git = "https://github.com/MystenLabs/sui.git", rev = "framework/mainnet", subdir = "crates/sui-framework/packages/move-stdlib" }

[[move.package]]
id = "Sui"
source = { git = "https://github.com/MystenLabs/sui.git", rev = "framework/mainnet", subdir = "crates/sui-framework/packages/sui-framework" }

dependencies = [
  { id = "MoveStdlib", name = "MoveStdlib" },
]

[move.toolchain-version]
compiler-version = "1.48.0"
edition = "2024"
flavor = "sui"

[env]

[env.testnet]
chain-id = "4c78adac"
original-published-id = "0x2c5f46d4dda1ca49ed4b2c223bd1137b0f8f005a7f6012eb8bc09bf3a858cd56"
latest-published-id = "0x2c5f46d4dda1ca49ed4b2c223bd1137b0f8f005a7f6012eb8bc09bf3a858cd56"
published-version = "1"
