# @generated by Move, please check-in and do not edit manually.

[move]
version = 3
manifest_digest = "57120B129118600C4B9F8464AED1C5604AE91CCFB08B01534D6E9310EC6D5377"
deps_digest = "060AD7E57DFB13104F21BE5F5C3759D03F0553FC3229247D9A7A6B45F50D03A3"
dependencies = [
  { id = "Sui", name = "Sui" },
  { id = "confio", name = "confio" },
  { id = "cusd", name = "cusd" },
]

[[move.package]]
id = "MoveStdlib"
source = { git = "https://github.com/MystenLabs/sui.git", rev = "framework/mainnet", subdir = "crates/sui-framework/packages/move-stdlib" }

[[move.package]]
id = "Sui"
source = { git = "https://github.com/MystenLabs/sui.git", rev = "framework/mainnet", subdir = "crates/sui-framework/packages/sui-framework" }

dependencies = [
  { id = "MoveStdlib", name = "MoveStdlib" },
]

[[move.package]]
id = "confio"
source = { local = "../confio" }

dependencies = [
  { id = "MoveStdlib", name = "MoveStdlib" },
  { id = "Sui", name = "Sui" },
]

[[move.package]]
id = "cusd"
source = { local = "../cusd" }

dependencies = [
  { id = "MoveStdlib", name = "MoveStdlib" },
  { id = "Sui", name = "Sui" },
]

[move.toolchain-version]
compiler-version = "1.48.0"
edition = "2024"
flavor = "sui"

[env]

[env.testnet]
chain-id = "4c78adac"
original-published-id = "0xa603f73f43d4facd9bdcd25815326254f84c741989b64fb88cf464897418a080"
latest-published-id = "0xa603f73f43d4facd9bdcd25815326254f84c741989b64fb88cf464897418a080"
published-version = "1"
