# @generated by Move, please check-in and do not edit manually.

[move]
version = 3
manifest_digest = "F9516FB57E3CCE59B340210D8FA7802074E217058264C6CE3B1FF512ACA6BDEE"
deps_digest = "060AD7E57DFB13104F21BE5F5C3759D03F0553FC3229247D9A7A6B45F50D03A3"
dependencies = [
  { id = "Sui", name = "Sui" },
  { id = "confio", name = "confio" },
  { id = "cusd", name = "cusd" },
]

[[move.package]]
id = "MoveStdlib"
source = { git = "https://github.com/MystenLabs/sui.git", rev = "framework/mainnet", subdir = "crates/sui-framework/packages/move-stdlib" }

[[move.package]]
id = "Sui"
source = { git = "https://github.com/MystenLabs/sui.git", rev = "framework/mainnet", subdir = "crates/sui-framework/packages/sui-framework" }

dependencies = [
  { id = "MoveStdlib", name = "MoveStdlib" },
]

[[move.package]]
id = "confio"
source = { local = "../confio" }

dependencies = [
  { id = "MoveStdlib", name = "MoveStdlib" },
  { id = "Sui", name = "Sui" },
]

[[move.package]]
id = "cusd"
source = { local = "../cusd" }

dependencies = [
  { id = "MoveStdlib", name = "MoveStdlib" },
  { id = "Sui", name = "Sui" },
]

[move.toolchain-version]
compiler-version = "1.48.0"
edition = "2024"
flavor = "sui"

[env]

[env.testnet]
chain-id = "4c78adac"
original-published-id = "0xfa39d9b961930750646148de35923d789561a4d47571bd7ff17eda9d6f9ec17c"
latest-published-id = "0xfa39d9b961930750646148de35923d789561a4d47571bd7ff17eda9d6f9ec17c"
published-version = "1"
